<?xml version="1.0" encoding="utf-8"?>
<Project ToolsVersion="Current" xmlns="http://schemas.microsoft.com/developer/msbuild/2003">
  <ItemGroup>
    <ClCompile Include="src\aurorapch.cpp" />
    <ClCompile Include="src\Aurora\Core\Application.cpp" />
    <ClCompile Include="src\Aurora\Core\Debug.cpp" />
    <ClCompile Include="src\Platform\Windows\WindowsWindow.cpp" />
  </ItemGroup>
  <ItemGroup>
    <ClInclude Include="src\AuroraRenderer.h" />
    <ClInclude Include="src\aurorapch.h" />
    <ClInclude Include="src\Aurora\Core\EntryPoint.h" />
    <ClInclude Include="src\Aurora\Core\Application.h" />
    <ClInclude Include="src\Aurora\Core\Debug.h" />
    <ClInclude Include="src\Platform\Windows\WindowsWindow.h" />
    <ClInclude Include="src\Aurora\Core\Window.h" />
    <ClInclude Include="src\Aurora\Events\Event.h" />
    <ClInclude Include="src\Aurora\Events\ApplicationEvent.h" />
  </ItemGroup>
</Project>